hash: 3e299a15e6508a69bba30e302713af54695aa72cb2b8cc0efde912a48238440d
updated: 2017-05-09T23:18:52.128238103+02:00
imports:
- name: github.com/gorilla/context
  version: 08b5f424b9271eedf6f9f0ce86cb9396ed337a42
- name: github.com/gorilla/mux
  version: 392c28fe23e1c45ddba891b0320b3b5df220beea
testImports: []
